
Microsoft Visual Studio Solution File, Format Version 12.00
# Visual Studio Version 17
VisualStudioVersion = 17.8.34330.188
MinimumVisualStudioVersion = 10.0.40219.1
Project("{FAE04EC0-301F-11D3-BF4B-00C04F79EFBC}") = "Class1th(Variable)", "..\Class1th(Variable)\Class1th(Variable).csproj", "{9ABD3EE6-BF8B-466E-842C-094E82868D15}"
EndProject
Project("{FAE04EC0-301F-11D3-BF4B-00C04F79EFBC}") = "class2th(Bit)", "..\class2th(Bit)\class2th(Bit).csproj", "{7D58AB1F-404F-4906-81DF-7CB69436D759}"
EndProject
Project("{FAE04EC0-301F-11D3-BF4B-00C04F79EFBC}") = "class3th(Overflow & Underflow)", "..\class3th(Overflow & Underflow)\class3th(Overflow & Underflow).csproj", "{23BFDF6F-3444-408F-9F2E-3F74B68B7A17}"
EndProject
Project("{FAE04EC0-301F-11D3-BF4B-00C04F79EFBC}") = "class4th(Conditionsl Statement)", "..\class4th(Conditionsl Statement)\class4th(Conditionsl Statement).csproj", "{C2A8129B-594B-4DB1-9B86-7E62C9CE2397}"
EndProject
Project("{FAE04EC0-301F-11D3-BF4B-00C04F79EFBC}") = "class5th(ltration Statement)", "class5th(ltration Statement)\class5th(ltration Statement).csproj", "{36AD9EC6-EE3F-4788-96BA-A0B5B3BE1409}"
EndProject
Project("{FAE04EC0-301F-11D3-BF4B-00C04F79EFBC}") = "class6th(Function)", "class6th(Function)\class6th(Function).csproj", "{456A349B-43D2-46BC-9D1B-E5BF86CCAF7D}"
EndProject
Project("{FAE04EC0-301F-11D3-BF4B-00C04F79EFBC}") = "class7th(Arrangement)", "class7th(Arrangement)\class7th(Arrangement).csproj", "{52B16828-C908-46E0-8F25-8820E5A90DCE}"
EndProject
Project("{FAE04EC0-301F-11D3-BF4B-00C04F79EFBC}") = "class8th(Class)", "class8th(Class)\class8th(Class).csproj", "{89651B1B-C96C-438A-8F48-F7F836CA2928}"
EndProject
Project("{FAE04EC0-301F-11D3-BF4B-00C04F79EFBC}") = "class9th(Inheritance)", "class9th(Inheritance)\class9th(Inheritance).csproj", "{FE38B19D-A799-4254-B266-50F9DEB6B64D}"
EndProject
Project("{FAE04EC0-301F-11D3-BF4B-00C04F79EFBC}") = "class10th(Polymorphism)", "class10th(Polymorphism)\class10th(Polymorphism).csproj", "{EB2DED2F-B6CC-410B-A69E-60A6DA49BEB3}"
EndProject
Project("{FAE04EC0-301F-11D3-BF4B-00C04F79EFBC}") = "class11th(Abstract)", "class11th(Abstract)\class11th(Abstract).csproj", "{121BF8E7-09A8-4899-8049-3766CAB1F099}"
EndProject
Project("{FAE04EC0-301F-11D3-BF4B-00C04F79EFBC}") = "class12th(캡슐화)", "class12th(캡슐화)\class12th(캡슐화).csproj", "{8DDE6B63-544D-4584-BD3F-BC3A4529DFBB}"
EndProject
Project("{FAE04EC0-301F-11D3-BF4B-00C04F79EFBC}") = "class12th (Encapsulation)", "class12th (Encapsulation)\class12th (Encapsulation).csproj", "{413BE7B0-9C43-426A-9D91-7659D748F06D}"
EndProject
Project("{FAE04EC0-301F-11D3-BF4B-00C04F79EFBC}") = "class51th(문자열입력)", "class51th(문자열입력)\class51th(문자열입력).csproj", "{A5274F4F-7912-4570-B508-D541D85D08D4}"
EndProject
Global
	GlobalSection(SolutionConfigurationPlatforms) = preSolution
		Debug|Any CPU = Debug|Any CPU
		Release|Any CPU = Release|Any CPU
	EndGlobalSection
	GlobalSection(ProjectConfigurationPlatforms) = postSolution
		{9ABD3EE6-BF8B-466E-842C-094E82868D15}.Debug|Any CPU.ActiveCfg = Debug|Any CPU
		{9ABD3EE6-BF8B-466E-842C-094E82868D15}.Debug|Any CPU.Build.0 = Debug|Any CPU
		{9ABD3EE6-BF8B-466E-842C-094E82868D15}.Release|Any CPU.ActiveCfg = Release|Any CPU
		{9ABD3EE6-BF8B-466E-842C-094E82868D15}.Release|Any CPU.Build.0 = Release|Any CPU
		{7D58AB1F-404F-4906-81DF-7CB69436D759}.Debug|Any CPU.ActiveCfg = Debug|Any CPU
		{7D58AB1F-404F-4906-81DF-7CB69436D759}.Debug|Any CPU.Build.0 = Debug|Any CPU
		{7D58AB1F-404F-4906-81DF-7CB69436D759}.Release|Any CPU.ActiveCfg = Release|Any CPU
		{7D58AB1F-404F-4906-81DF-7CB69436D759}.Release|Any CPU.Build.0 = Release|Any CPU
		{23BFDF6F-3444-408F-9F2E-3F74B68B7A17}.Debug|Any CPU.ActiveCfg = Debug|Any CPU
		{23BFDF6F-3444-408F-9F2E-3F74B68B7A17}.Debug|Any CPU.Build.0 = Debug|Any CPU
		{23BFDF6F-3444-408F-9F2E-3F74B68B7A17}.Release|Any CPU.ActiveCfg = Release|Any CPU
		{23BFDF6F-3444-408F-9F2E-3F74B68B7A17}.Release|Any CPU.Build.0 = Release|Any CPU
		{C2A8129B-594B-4DB1-9B86-7E62C9CE2397}.Debug|Any CPU.ActiveCfg = Debug|Any CPU
		{C2A8129B-594B-4DB1-9B86-7E62C9CE2397}.Debug|Any CPU.Build.0 = Debug|Any CPU
		{C2A8129B-594B-4DB1-9B86-7E62C9CE2397}.Release|Any CPU.ActiveCfg = Release|Any CPU
		{C2A8129B-594B-4DB1-9B86-7E62C9CE2397}.Release|Any CPU.Build.0 = Release|Any CPU
		{36AD9EC6-EE3F-4788-96BA-A0B5B3BE1409}.Debug|Any CPU.ActiveCfg = Debug|Any CPU
		{36AD9EC6-EE3F-4788-96BA-A0B5B3BE1409}.Debug|Any CPU.Build.0 = Debug|Any CPU
		{36AD9EC6-EE3F-4788-96BA-A0B5B3BE1409}.Release|Any CPU.ActiveCfg = Release|Any CPU
		{36AD9EC6-EE3F-4788-96BA-A0B5B3BE1409}.Release|Any CPU.Build.0 = Release|Any CPU
		{456A349B-43D2-46BC-9D1B-E5BF86CCAF7D}.Debug|Any CPU.ActiveCfg = Debug|Any CPU
		{456A349B-43D2-46BC-9D1B-E5BF86CCAF7D}.Debug|Any CPU.Build.0 = Debug|Any CPU
		{456A349B-43D2-46BC-9D1B-E5BF86CCAF7D}.Release|Any CPU.ActiveCfg = Release|Any CPU
		{456A349B-43D2-46BC-9D1B-E5BF86CCAF7D}.Release|Any CPU.Build.0 = Release|Any CPU
		{52B16828-C908-46E0-8F25-8820E5A90DCE}.Debug|Any CPU.ActiveCfg = Debug|Any CPU
		{52B16828-C908-46E0-8F25-8820E5A90DCE}.Debug|Any CPU.Build.0 = Debug|Any CPU
		{52B16828-C908-46E0-8F25-8820E5A90DCE}.Release|Any CPU.ActiveCfg = Release|Any CPU
		{52B16828-C908-46E0-8F25-8820E5A90DCE}.Release|Any CPU.Build.0 = Release|Any CPU
		{89651B1B-C96C-438A-8F48-F7F836CA2928}.Debug|Any CPU.ActiveCfg = Debug|Any CPU
		{89651B1B-C96C-438A-8F48-F7F836CA2928}.Debug|Any CPU.Build.0 = Debug|Any CPU
		{89651B1B-C96C-438A-8F48-F7F836CA2928}.Release|Any CPU.ActiveCfg = Release|Any CPU
		{89651B1B-C96C-438A-8F48-F7F836CA2928}.Release|Any CPU.Build.0 = Release|Any CPU
		{FE38B19D-A799-4254-B266-50F9DEB6B64D}.Debug|Any CPU.ActiveCfg = Debug|Any CPU
		{FE38B19D-A799-4254-B266-50F9DEB6B64D}.Debug|Any CPU.Build.0 = Debug|Any CPU
		{FE38B19D-A799-4254-B266-50F9DEB6B64D}.Release|Any CPU.ActiveCfg = Release|Any CPU
		{FE38B19D-A799-4254-B266-50F9DEB6B64D}.Release|Any CPU.Build.0 = Release|Any CPU
		{EB2DED2F-B6CC-410B-A69E-60A6DA49BEB3}.Debug|Any CPU.ActiveCfg = Debug|Any CPU
		{EB2DED2F-B6CC-410B-A69E-60A6DA49BEB3}.Debug|Any CPU.Build.0 = Debug|Any CPU
		{EB2DED2F-B6CC-410B-A69E-60A6DA49BEB3}.Release|Any CPU.ActiveCfg = Release|Any CPU
		{EB2DED2F-B6CC-410B-A69E-60A6DA49BEB3}.Release|Any CPU.Build.0 = Release|Any CPU
		{121BF8E7-09A8-4899-8049-3766CAB1F099}.Debug|Any CPU.ActiveCfg = Debug|Any CPU
		{121BF8E7-09A8-4899-8049-3766CAB1F099}.Debug|Any CPU.Build.0 = Debug|Any CPU
		{121BF8E7-09A8-4899-8049-3766CAB1F099}.Release|Any CPU.ActiveCfg = Release|Any CPU
		{121BF8E7-09A8-4899-8049-3766CAB1F099}.Release|Any CPU.Build.0 = Release|Any CPU
		{8DDE6B63-544D-4584-BD3F-BC3A4529DFBB}.Debug|Any CPU.ActiveCfg = Debug|Any CPU
		{8DDE6B63-544D-4584-BD3F-BC3A4529DFBB}.Debug|Any CPU.Build.0 = Debug|Any CPU
		{8DDE6B63-544D-4584-BD3F-BC3A4529DFBB}.Release|Any CPU.ActiveCfg = Release|Any CPU
		{8DDE6B63-544D-4584-BD3F-BC3A4529DFBB}.Release|Any CPU.Build.0 = Release|Any CPU
		{413BE7B0-9C43-426A-9D91-7659D748F06D}.Debug|Any CPU.ActiveCfg = Debug|Any CPU
		{413BE7B0-9C43-426A-9D91-7659D748F06D}.Debug|Any CPU.Build.0 = Debug|Any CPU
		{413BE7B0-9C43-426A-9D91-7659D748F06D}.Release|Any CPU.ActiveCfg = Release|Any CPU
		{413BE7B0-9C43-426A-9D91-7659D748F06D}.Release|Any CPU.Build.0 = Release|Any CPU
		{A5274F4F-7912-4570-B508-D541D85D08D4}.Debug|Any CPU.ActiveCfg = Debug|Any CPU
		{A5274F4F-7912-4570-B508-D541D85D08D4}.Debug|Any CPU.Build.0 = Debug|Any CPU
		{A5274F4F-7912-4570-B508-D541D85D08D4}.Release|Any CPU.ActiveCfg = Release|Any CPU
		{A5274F4F-7912-4570-B508-D541D85D08D4}.Release|Any CPU.Build.0 = Release|Any CPU
	EndGlobalSection
	GlobalSection(SolutionProperties) = preSolution
		HideSolutionNode = FALSE
	EndGlobalSection
	GlobalSection(ExtensibilityGlobals) = postSolution
		SolutionGuid = {26DA9DD6-6F04-421E-9167-4913E2D33B72}
	EndGlobalSection
EndGlobal
