
Microsoft Visual Studio Solution File, Format Version 12.00
# Visual Studio Version 17
VisualStudioVersion = 17.8.34330.188
MinimumVisualStudioVersion = 10.0.40219.1
Project("{9A19103F-16F7-4668-BE54-9A1E7A4F7556}") = "program", "program.csproj", "{4656B8FA-6D57-40AA-86BE-7CD5D256A762}"
EndProject
Project("{9A19103F-16F7-4668-BE54-9A1E7A4F7556}") = "Class1th (Variable)", "..\Class1th (Variable)\Class1th (Variable).csproj", "{B46B606C-18C6-474D-98C8-D06E6A6DEA1A}"
EndProject
Project("{9A19103F-16F7-4668-BE54-9A1E7A4F7556}") = "Class2th (Bit)", "..\Class2th (Bit)\Class2th (Bit).csproj", "{043185C8-4439-4476-9F97-F3992AB7E8B7}"
EndProject
Project("{9A19103F-16F7-4668-BE54-9A1E7A4F7556}") = "Class3th (Overflow & Underflow)", "..\Class3th (Overflow & Underflow)\Class3th (Overflow & Underflow).csproj", "{CFF0DBE5-7CD5-4ADF-BFC2-4E6F9F2E49E5}"
EndProject
Project("{9A19103F-16F7-4668-BE54-9A1E7A4F7556}") = "Class4th  (Conditional Statement)", "..\Class4th  (Conditional Statement)\Class4th  (Conditional Statement).csproj", "{A8629A7A-13C1-4B8B-9530-95D4EC2D0023}"
EndProject
Project("{9A19103F-16F7-4668-BE54-9A1E7A4F7556}") = "C#", "..\C#\C#.csproj", "{A706D6C7-B253-4CEF-BB31-E8534F5EE606}"
EndProject
Project("{9A19103F-16F7-4668-BE54-9A1E7A4F7556}") = "Class5th (Iteration Statement)", "..\Class5th (Iteration Statement)\Class5th (Iteration Statement).csproj", "{673DB295-0274-45BA-8C0D-5004D9A47B4A}"
EndProject
Project("{FAE04EC0-301F-11D3-BF4B-00C04F79EFBC}") = "Class6th (Functlon)", "..\Class6th (Functlon)\Class6th (Functlon).csproj", "{734F78E0-F4A4-4DDE-821F-25E7B814C100}"
EndProject
Project("{FAE04EC0-301F-11D3-BF4B-00C04F79EFBC}") = "chass7th(Arrangement)", "..\chass7th(Arrangement)\chass7th(Arrangement).csproj", "{6AD6987C-4D0E-405B-8278-790A42FF66BD}"
EndProject
Project("{FAE04EC0-301F-11D3-BF4B-00C04F79EFBC}") = "class8th (Class)", "..\class8th (Class)\class8th (Class).csproj", "{19161194-DA41-470F-8D1F-FA17FD04976C}"
EndProject
Project("{FAE04EC0-301F-11D3-BF4B-00C04F79EFBC}") = "Classth8(class1)", "..\Classth8(class1)\Classth8(class1).csproj", "{5B71EEFB-FE87-4D7C-9C53-BECF13A1F1D3}"
EndProject
Project("{FAE04EC0-301F-11D3-BF4B-00C04F79EFBC}") = "classth8(class)", "..\classth8(class)\classth8(class).csproj", "{847AFD63-D67A-4384-9E0C-E098A1F01B2B}"
EndProject
Project("{FAE04EC0-301F-11D3-BF4B-00C04F79EFBC}") = "class9th(Inhentance)", "..\class9th(Inhentance)\class9th(Inhentance).csproj", "{C865CC8B-23C2-425B-BD29-8919117469A1}"
EndProject
Project("{FAE04EC0-301F-11D3-BF4B-00C04F79EFBC}") = "class10th (Polymorphism)", "..\class10th (Polymorphism)\class10th (Polymorphism).csproj", "{3D60A7CC-2CE1-4C2B-A254-26A572F44D22}"
EndProject
Project("{FAE04EC0-301F-11D3-BF4B-00C04F79EFBC}") = "class8th(", "..\class8th(\class8th(.csproj", "{7A725616-BF34-4823-A175-AA711656A473}"
EndProject
Project("{FAE04EC0-301F-11D3-BF4B-00C04F79EFBC}") = "class10th(추상)", "..\class10th(추상)\class10th(추상).csproj", "{6CD3299A-DC16-4356-BA2B-FFB616FC142A}"
EndProject
Project("{FAE04EC0-301F-11D3-BF4B-00C04F79EFBC}") = "class11th(Abstrad)", "..\class11th(Abstrad)\class11th(Abstrad).csproj", "{1FB3EE25-7108-4625-AD01-C6866F7594C6}"
EndProject
Global
	GlobalSection(SolutionConfigurationPlatforms) = preSolution
		Debug|Any CPU = Debug|Any CPU
		Release|Any CPU = Release|Any CPU
	EndGlobalSection
	GlobalSection(ProjectConfigurationPlatforms) = postSolution
		{4656B8FA-6D57-40AA-86BE-7CD5D256A762}.Debug|Any CPU.ActiveCfg = Debug|Any CPU
		{4656B8FA-6D57-40AA-86BE-7CD5D256A762}.Debug|Any CPU.Build.0 = Debug|Any CPU
		{4656B8FA-6D57-40AA-86BE-7CD5D256A762}.Release|Any CPU.ActiveCfg = Release|Any CPU
		{4656B8FA-6D57-40AA-86BE-7CD5D256A762}.Release|Any CPU.Build.0 = Release|Any CPU
		{B46B606C-18C6-474D-98C8-D06E6A6DEA1A}.Debug|Any CPU.ActiveCfg = Debug|Any CPU
		{B46B606C-18C6-474D-98C8-D06E6A6DEA1A}.Debug|Any CPU.Build.0 = Debug|Any CPU
		{B46B606C-18C6-474D-98C8-D06E6A6DEA1A}.Release|Any CPU.ActiveCfg = Release|Any CPU
		{B46B606C-18C6-474D-98C8-D06E6A6DEA1A}.Release|Any CPU.Build.0 = Release|Any CPU
		{043185C8-4439-4476-9F97-F3992AB7E8B7}.Debug|Any CPU.ActiveCfg = Debug|Any CPU
		{043185C8-4439-4476-9F97-F3992AB7E8B7}.Debug|Any CPU.Build.0 = Debug|Any CPU
		{043185C8-4439-4476-9F97-F3992AB7E8B7}.Release|Any CPU.ActiveCfg = Release|Any CPU
		{043185C8-4439-4476-9F97-F3992AB7E8B7}.Release|Any CPU.Build.0 = Release|Any CPU
		{CFF0DBE5-7CD5-4ADF-BFC2-4E6F9F2E49E5}.Debug|Any CPU.ActiveCfg = Debug|Any CPU
		{CFF0DBE5-7CD5-4ADF-BFC2-4E6F9F2E49E5}.Debug|Any CPU.Build.0 = Debug|Any CPU
		{CFF0DBE5-7CD5-4ADF-BFC2-4E6F9F2E49E5}.Release|Any CPU.ActiveCfg = Release|Any CPU
		{CFF0DBE5-7CD5-4ADF-BFC2-4E6F9F2E49E5}.Release|Any CPU.Build.0 = Release|Any CPU
		{A8629A7A-13C1-4B8B-9530-95D4EC2D0023}.Debug|Any CPU.ActiveCfg = Debug|Any CPU
		{A8629A7A-13C1-4B8B-9530-95D4EC2D0023}.Debug|Any CPU.Build.0 = Debug|Any CPU
		{A8629A7A-13C1-4B8B-9530-95D4EC2D0023}.Release|Any CPU.ActiveCfg = Release|Any CPU
		{A8629A7A-13C1-4B8B-9530-95D4EC2D0023}.Release|Any CPU.Build.0 = Release|Any CPU
		{A706D6C7-B253-4CEF-BB31-E8534F5EE606}.Debug|Any CPU.ActiveCfg = Debug|Any CPU
		{A706D6C7-B253-4CEF-BB31-E8534F5EE606}.Debug|Any CPU.Build.0 = Debug|Any CPU
		{A706D6C7-B253-4CEF-BB31-E8534F5EE606}.Release|Any CPU.ActiveCfg = Release|Any CPU
		{A706D6C7-B253-4CEF-BB31-E8534F5EE606}.Release|Any CPU.Build.0 = Release|Any CPU
		{673DB295-0274-45BA-8C0D-5004D9A47B4A}.Debug|Any CPU.ActiveCfg = Debug|Any CPU
		{673DB295-0274-45BA-8C0D-5004D9A47B4A}.Debug|Any CPU.Build.0 = Debug|Any CPU
		{673DB295-0274-45BA-8C0D-5004D9A47B4A}.Release|Any CPU.ActiveCfg = Release|Any CPU
		{673DB295-0274-45BA-8C0D-5004D9A47B4A}.Release|Any CPU.Build.0 = Release|Any CPU
		{734F78E0-F4A4-4DDE-821F-25E7B814C100}.Debug|Any CPU.ActiveCfg = Debug|Any CPU
		{734F78E0-F4A4-4DDE-821F-25E7B814C100}.Debug|Any CPU.Build.0 = Debug|Any CPU
		{734F78E0-F4A4-4DDE-821F-25E7B814C100}.Release|Any CPU.ActiveCfg = Release|Any CPU
		{734F78E0-F4A4-4DDE-821F-25E7B814C100}.Release|Any CPU.Build.0 = Release|Any CPU
		{6AD6987C-4D0E-405B-8278-790A42FF66BD}.Debug|Any CPU.ActiveCfg = Debug|Any CPU
		{6AD6987C-4D0E-405B-8278-790A42FF66BD}.Debug|Any CPU.Build.0 = Debug|Any CPU
		{6AD6987C-4D0E-405B-8278-790A42FF66BD}.Release|Any CPU.ActiveCfg = Release|Any CPU
		{6AD6987C-4D0E-405B-8278-790A42FF66BD}.Release|Any CPU.Build.0 = Release|Any CPU
		{19161194-DA41-470F-8D1F-FA17FD04976C}.Debug|Any CPU.ActiveCfg = Debug|Any CPU
		{19161194-DA41-470F-8D1F-FA17FD04976C}.Debug|Any CPU.Build.0 = Debug|Any CPU
		{19161194-DA41-470F-8D1F-FA17FD04976C}.Release|Any CPU.ActiveCfg = Release|Any CPU
		{19161194-DA41-470F-8D1F-FA17FD04976C}.Release|Any CPU.Build.0 = Release|Any CPU
		{5B71EEFB-FE87-4D7C-9C53-BECF13A1F1D3}.Debug|Any CPU.ActiveCfg = Debug|Any CPU
		{5B71EEFB-FE87-4D7C-9C53-BECF13A1F1D3}.Debug|Any CPU.Build.0 = Debug|Any CPU
		{5B71EEFB-FE87-4D7C-9C53-BECF13A1F1D3}.Release|Any CPU.ActiveCfg = Release|Any CPU
		{5B71EEFB-FE87-4D7C-9C53-BECF13A1F1D3}.Release|Any CPU.Build.0 = Release|Any CPU
		{847AFD63-D67A-4384-9E0C-E098A1F01B2B}.Debug|Any CPU.ActiveCfg = Debug|Any CPU
		{847AFD63-D67A-4384-9E0C-E098A1F01B2B}.Debug|Any CPU.Build.0 = Debug|Any CPU
		{847AFD63-D67A-4384-9E0C-E098A1F01B2B}.Release|Any CPU.ActiveCfg = Release|Any CPU
		{847AFD63-D67A-4384-9E0C-E098A1F01B2B}.Release|Any CPU.Build.0 = Release|Any CPU
		{C865CC8B-23C2-425B-BD29-8919117469A1}.Debug|Any CPU.ActiveCfg = Debug|Any CPU
		{C865CC8B-23C2-425B-BD29-8919117469A1}.Debug|Any CPU.Build.0 = Debug|Any CPU
		{C865CC8B-23C2-425B-BD29-8919117469A1}.Release|Any CPU.ActiveCfg = Release|Any CPU
		{C865CC8B-23C2-425B-BD29-8919117469A1}.Release|Any CPU.Build.0 = Release|Any CPU
		{3D60A7CC-2CE1-4C2B-A254-26A572F44D22}.Debug|Any CPU.ActiveCfg = Debug|Any CPU
		{3D60A7CC-2CE1-4C2B-A254-26A572F44D22}.Debug|Any CPU.Build.0 = Debug|Any CPU
		{3D60A7CC-2CE1-4C2B-A254-26A572F44D22}.Release|Any CPU.ActiveCfg = Release|Any CPU
		{3D60A7CC-2CE1-4C2B-A254-26A572F44D22}.Release|Any CPU.Build.0 = Release|Any CPU
		{7A725616-BF34-4823-A175-AA711656A473}.Debug|Any CPU.ActiveCfg = Debug|Any CPU
		{7A725616-BF34-4823-A175-AA711656A473}.Debug|Any CPU.Build.0 = Debug|Any CPU
		{7A725616-BF34-4823-A175-AA711656A473}.Release|Any CPU.ActiveCfg = Release|Any CPU
		{7A725616-BF34-4823-A175-AA711656A473}.Release|Any CPU.Build.0 = Release|Any CPU
		{6CD3299A-DC16-4356-BA2B-FFB616FC142A}.Debug|Any CPU.ActiveCfg = Debug|Any CPU
		{6CD3299A-DC16-4356-BA2B-FFB616FC142A}.Debug|Any CPU.Build.0 = Debug|Any CPU
		{6CD3299A-DC16-4356-BA2B-FFB616FC142A}.Release|Any CPU.ActiveCfg = Release|Any CPU
		{6CD3299A-DC16-4356-BA2B-FFB616FC142A}.Release|Any CPU.Build.0 = Release|Any CPU
		{1FB3EE25-7108-4625-AD01-C6866F7594C6}.Debug|Any CPU.ActiveCfg = Debug|Any CPU
		{1FB3EE25-7108-4625-AD01-C6866F7594C6}.Debug|Any CPU.Build.0 = Debug|Any CPU
		{1FB3EE25-7108-4625-AD01-C6866F7594C6}.Release|Any CPU.ActiveCfg = Release|Any CPU
		{1FB3EE25-7108-4625-AD01-C6866F7594C6}.Release|Any CPU.Build.0 = Release|Any CPU
	EndGlobalSection
	GlobalSection(SolutionProperties) = preSolution
		HideSolutionNode = FALSE
	EndGlobalSection
	GlobalSection(ExtensibilityGlobals) = postSolution
		SolutionGuid = {26DA9DD6-6F04-421E-9167-4913E2D33B72}
	EndGlobalSection
EndGlobal
